// !$*UTF8*$!
{
	archiveVersion = 1;
	classes = {
	};
	objectVersion = 56;
	objects = {

/* Begin PBXBuildFile section */
		89F348D3E8932556DFB0005B /* Pods_HxhProgressViewDemo.framework in Frameworks */ = {isa = PBXBuildFile; fileRef = 211A7E505E40595F15DCE5B8 /* Pods_HxhProgressViewDemo.framework */; };
		F01A718B2B88294C000EA406 /* AppDelegate.m in Sources */ = {isa = PBXBuildFile; fileRef = F01A718A2B88294C000EA406 /* AppDelegate.m */; };
		F01A718E2B88294C000EA406 /* SceneDelegate.m in Sources */ = {isa = PBXBuildFile; fileRef = F01A718D2B88294C000EA406 /* SceneDelegate.m */; };
		F01A71912B88294C000EA406 /* ViewController.m in Sources */ = {isa = PBXBuildFile; fileRef = F01A71902B88294C000EA406 /* ViewController.m */; };
		F01A71942B88294C000EA406 /* Main.storyboard in Resources */ = {isa = PBXBuildFile; fileRef = F01A71922B88294C000EA406 /* Main.storyboard */; };
		F01A71962B88294E000EA406 /* Assets.xcassets in Resources */ = {isa = PBXBuildFile; fileRef = F01A71952B88294E000EA406 /* Assets.xcassets */; };
		F01A71992B88294E000EA406 /* LaunchScreen.storyboard in Resources */ = {isa = PBXBuildFile; fileRef = F01A71972B88294E000EA406 /* LaunchScreen.storyboard */; };
		F01A719C2B88294E000EA406 /* main.m in Sources */ = {isa = PBXBuildFile; fileRef = F01A719B2B88294E000EA406 /* main.m */; };
/* End PBXBuildFile section */

/* Begin PBXFileReference section */
		2051FF6E5A16F3EBD533C853 /* Pods-HxhProgressViewDemo.release.xcconfig */ = {isa = PBXFileReference; includeInIndex = 1; lastKnownFileType = text.xcconfig; name = "Pods-HxhProgressViewDemo.release.xcconfig"; path = "Target Support Files/Pods-HxhProgressViewDemo/Pods-HxhProgressViewDemo.release.xcconfig"; sourceTree = "<group>"; };
		211A7E505E40595F15DCE5B8 /* Pods_HxhProgressViewDemo.framework */ = {isa = PBXFileReference; explicitFileType = wrapper.framework; includeInIndex = 0; path = Pods_HxhProgressViewDemo.framework; sourceTree = BUILT_PRODUCTS_DIR; };
		F01A71862B88294C000EA406 /* HxhProgressViewDemo.app */ = {isa = PBXFileReference; explicitFileType = wrapper.application; includeInIndex = 0; path = HxhProgressViewDemo.app; sourceTree = BUILT_PRODUCTS_DIR; };
		F01A71892B88294C000EA406 /* AppDelegate.h */ = {isa = PBXFileReference; lastKnownFileType = sourcecode.c.h; path = AppDelegate.h; sourceTree = "<group>"; };
		F01A718A2B88294C000EA406 /* AppDelegate.m */ = {isa = PBXFileReference; lastKnownFileType = sourcecode.c.objc; path = AppDelegate.m; sourceTree = "<group>"; };
		F01A718C2B88294C000EA406 /* SceneDelegate.h */ = {isa = PBXFileReference; lastKnownFileType = sourcecode.c.h; path = SceneDelegate.h; sourceTree = "<group>"; };
		F01A718D2B88294C000EA406 /* SceneDelegate.m */ = {isa = PBXFileReference; lastKnownFileType = sourcecode.c.objc; path = SceneDelegate.m; sourceTree = "<group>"; };
		F01A718F2B88294C000EA406 /* ViewController.h */ = {isa = PBXFileReference; lastKnownFileType = sourcecode.c.h; path = ViewController.h; sourceTree = "<group>"; };
		F01A71902B88294C000EA406 /* ViewController.m */ = {isa = PBXFileReference; lastKnownFileType = sourcecode.c.objc; path = ViewController.m; sourceTree = "<group>"; };
		F01A71932B88294C000EA406 /* Base */ = {isa = PBXFileReference; lastKnownFileType = file.storyboard; name = Base; path = Base.lproj/Main.storyboard; sourceTree = "<group>"; };
		F01A71952B88294E000EA406 /* Assets.xcassets */ = {isa = PBXFileReference; lastKnownFileType = folder.assetcatalog; path = Assets.xcassets; sourceTree = "<group>"; };
		F01A71982B88294E000EA406 /* Base */ = {isa = PBXFileReference; lastKnownFileType = file.storyboard; name = Base; path = Base.lproj/LaunchScreen.storyboard; sourceTree = "<group>"; };
		F01A719A2B88294E000EA406 /* Info.plist */ = {isa = PBXFileReference; lastKnownFileType = text.plist.xml; path = Info.plist; sourceTree = "<group>"; };
		F01A719B2B88294E000EA406 /* main.m */ = {isa = PBXFileReference; lastKnownFileType = sourcecode.c.objc; path = main.m; sourceTree = "<group>"; };
		F1E4C9D19A4904BF6319341A /* Pods-HxhProgressViewDemo.debug.xcconfig */ = {isa = PBXFileReference; includeInIndex = 1; lastKnownFileType = text.xcconfig; name = "Pods-HxhProgressViewDemo.debug.xcconfig"; path = "Target Support Files/Pods-HxhProgressViewDemo/Pods-HxhProgressViewDemo.debug.xcconfig"; sourceTree = "<group>"; };
/* End PBXFileReference section */

/* Begin PBXFrameworksBuildPhase section */
		F01A71832B88294C000EA406 /* Frameworks */ = {
			isa = PBXFrameworksBuildPhase;
			buildActionMask = 2147483647;
			files = (
				89F348D3E8932556DFB0005B /* Pods_HxhProgressViewDemo.framework in Frameworks */,
			);
			runOnlyForDeploymentPostprocessing = 0;
		};
/* End PBXFrameworksBuildPhase section */

/* Begin PBXGroup section */
		10FE9A41D2B9055A9308C8BF /* Frameworks */ = {
			isa = PBXGroup;
			children = (
				211A7E505E40595F15DCE5B8 /* Pods_HxhProgressViewDemo.framework */,
			);
			name = Frameworks;
			sourceTree = "<group>";
		};
		E1A936C7E5B0245CFEBA5D13 /* Pods */ = {
			isa = PBXGroup;
			children = (
				F1E4C9D19A4904BF6319341A /* Pods-HxhProgressViewDemo.debug.xcconfig */,
				2051FF6E5A16F3EBD533C853 /* Pods-HxhProgressViewDemo.release.xcconfig */,
			);
			name = Pods;
			path = Pods;
			sourceTree = "<group>";
		};
		F01A717D2B88294C000EA406 = {
			isa = PBXGroup;
			children = (
				F01A71882B88294C000EA406 /* HxhProgressViewDemo */,
				F01A71872B88294C000EA406 /* Products */,
				E1A936C7E5B0245CFEBA5D13 /* Pods */,
				10FE9A41D2B9055A9308C8BF /* Frameworks */,
			);
			sourceTree = "<group>";
		};
		F01A71872B88294C000EA406 /* Products */ = {
			isa = PBXGroup;
			children = (
				F01A71862B88294C000EA406 /* HxhProgressViewDemo.app */,
			);
			name = Products;
			sourceTree = "<group>";
		};
		F01A71882B88294C000EA406 /* HxhProgressViewDemo */ = {
			isa = PBXGroup;
			children = (
				F01A71892B88294C000EA406 /* AppDelegate.h */,
				F01A718A2B88294C000EA406 /* AppDelegate.m */,
				F01A718C2B88294C000EA406 /* SceneDelegate.h */,
				F01A718D2B88294C000EA406 /* SceneDelegate.m */,
				F01A718F2B88294C000EA406 /* ViewController.h */,
				F01A71902B88294C000EA406 /* ViewController.m */,
				F01A71922B88294C000EA406 /* Main.storyboard */,
				F01A71952B88294E000EA406 /* Assets.xcassets */,
				F01A71972B88294E000EA406 /* LaunchScreen.storyboard */,
				F01A719A2B88294E000EA406 /* Info.plist */,
				F01A719B2B88294E000EA406 /* main.m */,
			);
			path = HxhProgressViewDemo;
			sourceTree = "<group>";
		};
/* End PBXGroup section */

/* Begin PBXNativeTarget section */
		F01A71852B88294C000EA406 /* HxhProgressViewDemo */ = {
			isa = PBXNativeTarget;
			buildConfigurationList = F01A719F2B88294E000EA406 /* Build configuration list for PBXNativeTarget "HxhProgressViewDemo" */;
			buildPhases = (
				34D384E872B1891D96F79EB9 /* [CP] Check Pods Manifest.lock */,
				F01A71822B88294C000EA406 /* Sources */,
				F01A71832B88294C000EA406 /* Frameworks */,
				F01A71842B88294C000EA406 /* Resources */,
				9A640F7A08A5404754FC51EC /* [CP] Embed Pods Frameworks */,
			);
			buildRules = (
			);
			dependencies = (
			);
			name = HxhProgressViewDemo;
			productName = HxhProgressViewDemo;
			productReference = F01A71862B88294C000EA406 /* HxhProgressViewDemo.app */;
			productType = "com.apple.product-type.application";
		};
/* End PBXNativeTarget section */

/* Begin PBXProject section */
		F01A717E2B88294C000EA406 /* Project object */ = {
			isa = PBXProject;
			attributes = {
				BuildIndependentTargetsInParallel = 1;
				LastUpgradeCheck = 1520;
				TargetAttributes = {
					F01A71852B88294C000EA406 = {
						CreatedOnToolsVersion = 15.2;
					};
				};
			};
			buildConfigurationList = F01A71812B88294C000EA406 /* Build configuration list for PBXProject "HxhProgressViewDemo" */;
			compatibilityVersion = "Xcode 14.0";
			developmentRegion = en;
			hasScannedForEncodings = 0;
			knownRegions = (
				en,
				Base,
			);
			mainGroup = F01A717D2B88294C000EA406;
			productRefGroup = F01A71872B88294C000EA406 /* Products */;
			projectDirPath = "";
			projectRoot = "";
			targets = (
				F01A71852B88294C000EA406 /* HxhProgressViewDemo */,
			);
		};
/* End PBXProject section */

/* Begin PBXResourcesBuildPhase section */
		F01A71842B88294C000EA406 /* Resources */ = {
			isa = PBXResourcesBuildPhase;
			buildActionMask = 2147483647;
			files = (
				F01A71992B88294E000EA406 /* LaunchScreen.storyboard in Resources */,
				F01A71962B88294E000EA406 /* Assets.xcassets in Resources */,
				F01A71942B88294C000EA406 /* Main.storyboard in Resources */,
			);
			runOnlyForDeploymentPostprocessing = 0;
		};
/* End PBXResourcesBuildPhase section */

/* Begin PBXShellScriptBuildPhase section */
		34D384E872B1891D96F79EB9 /* [CP] Check Pods Manifest.lock */ = {
			isa = PBXShellScriptBuildPhase;
			buildActionMask = 2147483647;
			files = (
			);
			inputFileListPaths = (
			);
			inputPaths = (
				"${PODS_PODFILE_DIR_PATH}/Podfile.lock",
				"${PODS_ROOT}/Manifest.lock",
			);
			name = "[CP] Check Pods Manifest.lock";
			outputFileListPaths = (
			);
			outputPaths = (
				"$(DERIVED_FILE_DIR)/Pods-HxhProgressViewDemo-checkManifestLockResult.txt",
			);
			runOnlyForDeploymentPostprocessing = 0;
			shellPath = /bin/sh;
			shellScript = "diff \"${PODS_PODFILE_DIR_PATH}/Podfile.lock\" \"${PODS_ROOT}/Manifest.lock\" > /dev/null\nif [ $? != 0 ] ; then\n    # print error to STDERR\n    echo \"error: The sandbox is not in sync with the Podfile.lock. Run 'pod install' or update your CocoaPods installation.\" >&2\n    exit 1\nfi\n# This output is used by Xcode 'outputs' to avoid re-running this script phase.\necho \"SUCCESS\" > \"${SCRIPT_OUTPUT_FILE_0}\"\n";
			showEnvVarsInLog = 0;
		};
		9A640F7A08A5404754FC51EC /* [CP] Embed Pods Frameworks */ = {
			isa = PBXShellScriptBuildPhase;
			buildActionMask = 2147483647;
			files = (
			);
			inputFileListPaths = (
				"${PODS_ROOT}/Target Support Files/Pods-HxhProgressViewDemo/Pods-HxhProgressViewDemo-frameworks-${CONFIGURATION}-input-files.xcfilelist",
			);
			name = "[CP] Embed Pods Frameworks";
			outputFileListPaths = (
				"${PODS_ROOT}/Target Support Files/Pods-HxhProgressViewDemo/Pods-HxhProgressViewDemo-frameworks-${CONFIGURATION}-output-files.xcfilelist",
			);
			runOnlyForDeploymentPostprocessing = 0;
			shellPath = /bin/sh;
			shellScript = "\"${PODS_ROOT}/Target Support Files/Pods-HxhProgressViewDemo/Pods-HxhProgressViewDemo-frameworks.sh\"\n";
			showEnvVarsInLog = 0;
		};
/* End PBXShellScriptBuildPhase section */

/* Begin PBXSourcesBuildPhase section */
		F01A71822B88294C000EA406 /* Sources */ = {
			isa = PBXSourcesBuildPhase;
			buildActionMask = 2147483647;
			files = (
				F01A71912B88294C000EA406 /* ViewController.m in Sources */,
				F01A718B2B88294C000EA406 /* AppDelegate.m in Sources */,
				F01A719C2B88294E000EA406 /* main.m in Sources */,
				F01A718E2B88294C000EA406 /* SceneDelegate.m in Sources */,
			);
			runOnlyForDeploymentPostprocessing = 0;
		};
/* End PBXSourcesBuildPhase section */

/* Begin PBXVariantGroup section */
		F01A71922B88294C000EA406 /* Main.storyboard */ = {
			isa = PBXVariantGroup;
			children = (
				F01A71932B88294C000EA406 /* Base */,
			);
			name = Main.storyboard;
			sourceTree = "<group>";
		};
		F01A71972B88294E000EA406 /* LaunchScreen.storyboard */ = {
			isa = PBXVariantGroup;
			children = (
				F01A71982B88294E000EA406 /* Base */,
			);
			name = LaunchScreen.storyboard;
			sourceTree = "<group>";
		};
/* End PBXVariantGroup section */

/* Begin XCBuildConfiguration section */
		F01A719D2B88294E000EA406 /* Debug */ = {
			isa = XCBuildConfiguration;
			buildSettings = {
				ALWAYS_SEARCH_USER_PATHS = NO;
				ASSETCATALOG_COMPILER_GENERATE_SWIFT_ASSET_SYMBOL_EXTENSIONS = YES;
				CLANG_ANALYZER_NONNULL = YES;
				CLANG_ANALYZER_NUMBER_OBJECT_CONVERSION = YES_AGGRESSIVE;
				CLANG_CXX_LANGUAGE_STANDARD = "gnu++20";
				CLANG_ENABLE_MODULES = YES;
				CLANG_ENABLE_OBJC_ARC = YES;
				CLANG_ENABLE_OBJC_WEAK = YES;
				CLANG_WARN_BLOCK_CAPTURE_AUTORELEASING = YES;
				CLANG_WARN_BOOL_CONVERSION = YES;
				CLANG_WARN_COMMA = YES;
				CLANG_WARN_CONSTANT_CONVERSION = YES;
				CLANG_WARN_DEPRECATED_OBJC_IMPLEMENTATIONS = YES;
				CLANG_WARN_DIRECT_OBJC_ISA_USAGE = YES_ERROR;
				CLANG_WARN_DOCUMENTATION_COMMENTS = YES;
				CLANG_WARN_EMPTY_BODY = YES;
				CLANG_WARN_ENUM_CONVERSION = YES;
				CLANG_WARN_INFINITE_RECURSION = YES;
				CLANG_WARN_INT_CONVERSION = YES;
				CLANG_WARN_NON_LITERAL_NULL_CONVERSION = YES;
				CLANG_WARN_OBJC_IMPLICIT_RETAIN_SELF = YES;
				CLANG_WARN_OBJC_LITERAL_CONVERSION = YES;
				CLANG_WARN_OBJC_ROOT_CLASS = YES_ERROR;
				CLANG_WARN_QUOTED_INCLUDE_IN_FRAMEWORK_HEADER = YES;
				CLANG_WARN_RANGE_LOOP_ANALYSIS = YES;
				CLANG_WARN_STRICT_PROTOTYPES = YES;
				CLANG_WARN_SUSPICIOUS_MOVE = YES;
				CLANG_WARN_UNGUARDED_AVAILABILITY = YES_AGGRESSIVE;
				CLANG_WARN_UNREACHABLE_CODE = YES;
				CLANG_WARN__DUPLICATE_METHOD_MATCH = YES;
				COPY_PHASE_STRIP = NO;
				DEBUG_INFORMATION_FORMAT = dwarf;
				ENABLE_STRICT_OBJC_MSGSEND = YES;
				ENABLE_TESTABILITY = YES;
				ENABLE_USER_SCRIPT_SANDBOXING = YES;
				GCC_C_LANGUAGE_STANDARD = gnu17;
				GCC_DYNAMIC_NO_PIC = NO;
				GCC_NO_COMMON_BLOCKS = YES;
				GCC_OPTIMIZATION_LEVEL = 0;
				GCC_PREPROCESSOR_DEFINITIONS = (
					"DEBUG=1",
					"$(inherited)",
				);
				GCC_WARN_64_TO_32_BIT_CONVERSION = YES;
				GCC_WARN_ABOUT_RETURN_TYPE = YES_ERROR;
				GCC_WARN_UNDECLARED_SELECTOR = YES;
				GCC_WARN_UNINITIALIZED_AUTOS = YES_AGGRESSIVE;
				GCC_WARN_UNUSED_FUNCTION = YES;
				GCC_WARN_UNUSED_VARIABLE = YES;
				IPHONEOS_DEPLOYMENT_TARGET = 17.2;
				LOCALIZATION_PREFERS_STRING_CATALOGS = YES;
				MTL_ENABLE_DEBUG_INFO = INCLUDE_SOURCE;
				MTL_FAST_MATH = YES;
				ONLY_ACTIVE_ARCH = YES;
				SDKROOT = iphoneos;
			};
			name = Debug;
		};
		F01A719E2B88294E000EA406 /* Release */ = {
			isa = XCBuildConfiguration;
			buildSettings = {
				ALWAYS_SEARCH_USER_PATHS = NO;
				ASSETCATALOG_COMPILER_GENERATE_SWIFT_ASSET_SYMBOL_EXTENSIONS = YES;
				CLANG_ANALYZER_NONNULL = YES;
				CLANG_ANALYZER_NUMBER_OBJECT_CONVERSION = YES_AGGRESSIVE;
				CLANG_CXX_LANGUAGE_STANDARD = "gnu++20";
				CLANG_ENABLE_MODULES = YES;
				CLANG_ENABLE_OBJC_ARC = YES;
				CLANG_ENABLE_OBJC_WEAK = YES;
				CLANG_WARN_BLOCK_CAPTURE_AUTORELEASING = YES;
				CLANG_WARN_BOOL_CONVERSION = YES;
				CLANG_WARN_COMMA = YES;
				CLANG_WARN_CONSTANT_CONVERSION = YES;
				CLANG_WARN_DEPRECATED_OBJC_IMPLEMENTATIONS = YES;
				CLANG_WARN_DIRECT_OBJC_ISA_USAGE = YES_ERROR;
				CLANG_WARN_DOCUMENTATION_COMMENTS = YES;
				CLANG_WARN_EMPTY_BODY = YES;
				CLANG_WARN_ENUM_CONVERSION = YES;
				CLANG_WARN_INFINITE_RECURSION = YES;
				CLANG_WARN_INT_CONVERSION = YES;
				CLANG_WARN_NON_LITERAL_NULL_CONVERSION = YES;
				CLANG_WARN_OBJC_IMPLICIT_RETAIN_SELF = YES;
				CLANG_WARN_OBJC_LITERAL_CONVERSION = YES;
				CLANG_WARN_OBJC_ROOT_CLASS = YES_ERROR;
				CLANG_WARN_QUOTED_INCLUDE_IN_FRAMEWORK_HEADER = YES;
				CLANG_WARN_RANGE_LOOP_ANALYSIS = YES;
				CLANG_WARN_STRICT_PROTOTYPES = YES;
				CLANG_WARN_SUSPICIOUS_MOVE = YES;
				CLANG_WARN_UNGUARDED_AVAILABILITY = YES_AGGRESSIVE;
				CLANG_WARN_UNREACHABLE_CODE = YES;
				CLANG_WARN__DUPLICATE_METHOD_MATCH = YES;
				COPY_PHASE_STRIP = NO;
				DEBUG_INFORMATION_FORMAT = "dwarf-with-dsym";
				ENABLE_NS_ASSERTIONS = NO;
				ENABLE_STRICT_OBJC_MSGSEND = YES;
				ENABLE_USER_SCRIPT_SANDBOXING = YES;
				GCC_C_LANGUAGE_STANDARD = gnu17;
				GCC_NO_COMMON_BLOCKS = YES;
				GCC_WARN_64_TO_32_BIT_CONVERSION = YES;
				GCC_WARN_ABOUT_RETURN_TYPE = YES_ERROR;
				GCC_WARN_UNDECLARED_SELECTOR = YES;
				GCC_WARN_UNINITIALIZED_AUTOS = YES_AGGRESSIVE;
				GCC_WARN_UNUSED_FUNCTION = YES;
				GCC_WARN_UNUSED_VARIABLE = YES;
				IPHONEOS_DEPLOYMENT_TARGET = 17.2;
				LOCALIZATION_PREFERS_STRING_CATALOGS = YES;
				MTL_ENABLE_DEBUG_INFO = NO;
				MTL_FAST_MATH = YES;
				SDKROOT = iphoneos;
				VALIDATE_PRODUCT = YES;
			};
			name = Release;
		};
		F01A71A02B88294E000EA406 /* Debug */ = {
			isa = XCBuildConfiguration;
			baseConfigurationReference = F1E4C9D19A4904BF6319341A /* Pods-HxhProgressViewDemo.debug.xcconfig */;
			buildSettings = {
				ASSETCATALOG_COMPILER_APPICON_NAME = AppIcon;
				ASSETCATALOG_COMPILER_GLOBAL_ACCENT_COLOR_NAME = AccentColor;
				CODE_SIGN_STYLE = Automatic;
				CURRENT_PROJECT_VERSION = 1;
				DEVELOPMENT_TEAM = UN826FDF7C;
				GENERATE_INFOPLIST_FILE = YES;
				INFOPLIST_FILE = HxhProgressViewDemo/Info.plist;
				INFOPLIST_KEY_UIApplicationSupportsIndirectInputEvents = YES;
				INFOPLIST_KEY_UILaunchStoryboardName = LaunchScreen;
				INFOPLIST_KEY_UIMainStoryboardFile = Main;
				INFOPLIST_KEY_UISupportedInterfaceOrientations_iPad = "UIInterfaceOrientationPortrait UIInterfaceOrientationPortraitUpsideDown UIInterfaceOrientationLandscapeLeft UIInterfaceOrientationLandscapeRight";
				INFOPLIST_KEY_UISupportedInterfaceOrientations_iPhone = "UIInterfaceOrientationPortrait UIInterfaceOrientationLandscapeLeft UIInterfaceOrientationLandscapeRight";
				LD_RUNPATH_SEARCH_PATHS = (
					"$(inherited)",
					"@executable_path/Frameworks",
				);
				MARKETING_VERSION = 1.0;
				PRODUCT_BUNDLE_IDENTIFIER = com.colorpen.test.HxhProgressViewDemo;
				PRODUCT_NAME = "$(TARGET_NAME)";
				SWIFT_EMIT_LOC_STRINGS = YES;
				TARGETED_DEVICE_FAMILY = "1,2";
			};
			name = Debug;
		};
		F01A71A12B88294E000EA406 /* Release */ = {
			isa = XCBuildConfiguration;
			baseConfigurationReference = 2051FF6E5A16F3EBD533C853 /* Pods-HxhProgressViewDemo.release.xcconfig */;
			buildSettings = {
				ASSETCATALOG_COMPILER_APPICON_NAME = AppIcon;
				ASSETCATALOG_COMPILER_GLOBAL_ACCENT_COLOR_NAME = AccentColor;
				CODE_SIGN_STYLE = Automatic;
				CURRENT_PROJECT_VERSION = 1;
				DEVELOPMENT_TEAM = UN826FDF7C;
				GENERATE_INFOPLIST_FILE = YES;
				INFOPLIST_FILE = HxhProgressViewDemo/Info.plist;
				INFOPLIST_KEY_UIApplicationSupportsIndirectInputEvents = YES;
				INFOPLIST_KEY_UILaunchStoryboardName = LaunchScreen;
				INFOPLIST_KEY_UIMainStoryboardFile = Main;
				INFOPLIST_KEY_UISupportedInterfaceOrientations_iPad = "UIInterfaceOrientationPortrait UIInterfaceOrientationPortraitUpsideDown UIInterfaceOrientationLandscapeLeft UIInterfaceOrientationLandscapeRight";
				INFOPLIST_KEY_UISupportedInterfaceOrientations_iPhone = "UIInterfaceOrientationPortrait UIInterfaceOrientationLandscapeLeft UIInterfaceOrientationLandscapeRight";
				LD_RUNPATH_SEARCH_PATHS = (
					"$(inherited)",
					"@executable_path/Frameworks",
				);
				MARKETING_VERSION = 1.0;
				PRODUCT_BUNDLE_IDENTIFIER = com.colorpen.test.HxhProgressViewDemo;
				PRODUCT_NAME = "$(TARGET_NAME)";
				SWIFT_EMIT_LOC_STRINGS = YES;
				TARGETED_DEVICE_FAMILY = "1,2";
			};
			name = Release;
		};
/* End XCBuildConfiguration section */

/* Begin XCConfigurationList section */
		F01A71812B88294C000EA406 /* Build configuration list for PBXProject "HxhProgressViewDemo" */ = {
			isa = XCConfigurationList;
			buildConfigurations = (
				F01A719D2B88294E000EA406 /* Debug */,
				F01A719E2B88294E000EA406 /* Release */,
			);
			defaultConfigurationIsVisible = 0;
			defaultConfigurationName = Release;
		};
		F01A719F2B88294E000EA406 /* Build configuration list for PBXNativeTarget "HxhProgressViewDemo" */ = {
			isa = XCConfigurationList;
			buildConfigurations = (
				F01A71A02B88294E000EA406 /* Debug */,
				F01A71A12B88294E000EA406 /* Release */,
			);
			defaultConfigurationIsVisible = 0;
			defaultConfigurationName = Release;
		};
/* End XCConfigurationList section */
	};
	rootObject = F01A717E2B88294C000EA406 /* Project object */;
}
